
Microsoft Visual Studio Solution File, Format Version 12.00
# Visual Studio 14
VisualStudioVersion = 14.0.25420.1
MinimumVisualStudioVersion = 10.0.40219.1
Project("{FAE04EC0-301F-11D3-BF4B-00C04F79EFBC}") = "ClientProject", "ClientProject\ClientProject.csproj", "{71228A6B-5532-4EF0-B32B-80524392EB91}"
EndProject
Project("{FAE04EC0-301F-11D3-BF4B-00C04F79EFBC}") = "ClientProject.Test", "ClientProject.Test\ClientProject.Test.csproj", "{D57DF7AF-ACEA-45F5-8420-EAC5C10F2EDE}"
EndProject
Global
	GlobalSection(SolutionConfigurationPlatforms) = preSolution
		Debug|Any CPU = Debug|Any CPU
		Release|Any CPU = Release|Any CPU
	EndGlobalSection
	GlobalSection(ProjectConfigurationPlatforms) = postSolution
		{71228A6B-5532-4EF0-B32B-80524392EB91}.Debug|Any CPU.ActiveCfg = Debug|Any CPU
		{71228A6B-5532-4EF0-B32B-80524392EB91}.Debug|Any CPU.Build.0 = Debug|Any CPU
		{71228A6B-5532-4EF0-B32B-80524392EB91}.Release|Any CPU.ActiveCfg = Release|Any CPU
		{71228A6B-5532-4EF0-B32B-80524392EB91}.Release|Any CPU.Build.0 = Release|Any CPU
		{D57DF7AF-ACEA-45F5-8420-EAC5C10F2EDE}.Debug|Any CPU.ActiveCfg = Debug|Any CPU
		{D57DF7AF-ACEA-45F5-8420-EAC5C10F2EDE}.Debug|Any CPU.Build.0 = Debug|Any CPU
		{D57DF7AF-ACEA-45F5-8420-EAC5C10F2EDE}.Release|Any CPU.ActiveCfg = Release|Any CPU
		{D57DF7AF-ACEA-45F5-8420-EAC5C10F2EDE}.Release|Any CPU.Build.0 = Release|Any CPU
	EndGlobalSection
	GlobalSection(SolutionProperties) = preSolution
		HideSolutionNode = FALSE
	EndGlobalSection
	GlobalSection(TeamFoundationVersionControl) = preSolution
		SccNumberOfProjects = 3
		SccEnterpriseProvider = {4CA58AB2-18FA-4F8D-95D4-32DDF27D184C}
		SccTeamFoundationServer = https://hugomalta.visualstudio.com/
		SccLocalPath0 = .
		SccProjectUniqueName1 = ClientProject.Test\\ClientProject.Test.csproj
		SccProjectName1 = ClientProject.Test
		SccLocalPath1 = ClientProject.Test
		SccProjectUniqueName2 = ClientProject\\ClientProject.csproj
		SccProjectName2 = ClientProject
		SccLocalPath2 = ClientProject
	EndGlobalSection
EndGlobal
